// !$*UTF8*$!
{
	archiveVersion = 1;
	classes = {
	};
	objectVersion = 56;
	objects = {

/* Begin PBXBuildFile section */
		7F48534729D2E7B50090EF4F /* swiftuiTutorApp.swift in Sources */ = {isa = PBXBuildFile; fileRef = 7F48534629D2E7B50090EF4F /* swiftuiTutorApp.swift */; };
		7F48534929D2E7B50090EF4F /* ContentView.swift in Sources */ = {isa = PBXBuildFile; fileRef = 7F48534829D2E7B50090EF4F /* ContentView.swift */; };
		7F48534B29D2E7B90090EF4F /* Assets.xcassets in Resources */ = {isa = PBXBuildFile; fileRef = 7F48534A29D2E7B90090EF4F /* Assets.xcassets */; };
		7F48534E29D2E7B90090EF4F /* Preview Assets.xcassets in Resources */ = {isa = PBXBuildFile; fileRef = 7F48534D29D2E7B90090EF4F /* Preview Assets.xcassets */; };
		7F7AF23329D56F9600FFCCC1 /* CircleImage.swift in Sources */ = {isa = PBXBuildFile; fileRef = 7F7AF23229D56F9600FFCCC1 /* CircleImage.swift */; };
		7F95E97F29DB197D006BA598 /* LandmarkRow.swift in Sources */ = {isa = PBXBuildFile; fileRef = 7F95E97E29DB197D006BA598 /* LandmarkRow.swift */; };
		7F95E98129DC0337006BA598 /* LandmarkList.swift in Sources */ = {isa = PBXBuildFile; fileRef = 7F95E98029DC0337006BA598 /* LandmarkList.swift */; };
		7F95E98329DC05DA006BA598 /* LandmarkDetail.swift in Sources */ = {isa = PBXBuildFile; fileRef = 7F95E98229DC05DA006BA598 /* LandmarkDetail.swift */; };
		7F96309629D5BAB9008058A5 /* MapView.swift in Sources */ = {isa = PBXBuildFile; fileRef = 7F96309529D5BAB9008058A5 /* MapView.swift */; };
		7F96309829D6C068008058A5 /* landmarkData.json in Resources */ = {isa = PBXBuildFile; fileRef = 7F96309729D6C068008058A5 /* landmarkData.json */; };
		7F96309C29D6C0B4008058A5 /* Landmark.swift in Sources */ = {isa = PBXBuildFile; fileRef = 7F96309B29D6C0B4008058A5 /* Landmark.swift */; };
		7F96309E29D6C484008058A5 /* ModelData.swift in Sources */ = {isa = PBXBuildFile; fileRef = 7F96309D29D6C484008058A5 /* ModelData.swift */; };
/* End PBXBuildFile section */

/* Begin PBXFileReference section */
		7F48534329D2E7B50090EF4F /* swiftuiTutor.app */ = {isa = PBXFileReference; explicitFileType = wrapper.application; includeInIndex = 0; path = swiftuiTutor.app; sourceTree = BUILT_PRODUCTS_DIR; };
		7F48534629D2E7B50090EF4F /* swiftuiTutorApp.swift */ = {isa = PBXFileReference; lastKnownFileType = sourcecode.swift; path = swiftuiTutorApp.swift; sourceTree = "<group>"; };
		7F48534829D2E7B50090EF4F /* ContentView.swift */ = {isa = PBXFileReference; lastKnownFileType = sourcecode.swift; path = ContentView.swift; sourceTree = "<group>"; };
		7F48534A29D2E7B90090EF4F /* Assets.xcassets */ = {isa = PBXFileReference; lastKnownFileType = folder.assetcatalog; path = Assets.xcassets; sourceTree = "<group>"; };
		7F48534D29D2E7B90090EF4F /* Preview Assets.xcassets */ = {isa = PBXFileReference; lastKnownFileType = folder.assetcatalog; path = "Preview Assets.xcassets"; sourceTree = "<group>"; };
		7F7AF23229D56F9600FFCCC1 /* CircleImage.swift */ = {isa = PBXFileReference; lastKnownFileType = sourcecode.swift; path = CircleImage.swift; sourceTree = "<group>"; };
		7F95E97E29DB197D006BA598 /* LandmarkRow.swift */ = {isa = PBXFileReference; lastKnownFileType = sourcecode.swift; path = LandmarkRow.swift; sourceTree = "<group>"; };
		7F95E98029DC0337006BA598 /* LandmarkList.swift */ = {isa = PBXFileReference; lastKnownFileType = sourcecode.swift; path = LandmarkList.swift; sourceTree = "<group>"; };
		7F95E98229DC05DA006BA598 /* LandmarkDetail.swift */ = {isa = PBXFileReference; lastKnownFileType = sourcecode.swift; path = LandmarkDetail.swift; sourceTree = "<group>"; };
		7F96309529D5BAB9008058A5 /* MapView.swift */ = {isa = PBXFileReference; lastKnownFileType = sourcecode.swift; path = MapView.swift; sourceTree = "<group>"; };
		7F96309729D6C068008058A5 /* landmarkData.json */ = {isa = PBXFileReference; fileEncoding = 4; lastKnownFileType = text.json; path = landmarkData.json; sourceTree = "<group>"; };
		7F96309B29D6C0B4008058A5 /* Landmark.swift */ = {isa = PBXFileReference; lastKnownFileType = sourcecode.swift; path = Landmark.swift; sourceTree = "<group>"; };
		7F96309D29D6C484008058A5 /* ModelData.swift */ = {isa = PBXFileReference; lastKnownFileType = sourcecode.swift; path = ModelData.swift; sourceTree = "<group>"; };
/* End PBXFileReference section */

/* Begin PBXFrameworksBuildPhase section */
		7F48534029D2E7B50090EF4F /* Frameworks */ = {
			isa = PBXFrameworksBuildPhase;
			buildActionMask = 2147483647;
			files = (
			);
			runOnlyForDeploymentPostprocessing = 0;
		};
/* End PBXFrameworksBuildPhase section */

/* Begin PBXGroup section */
		7F48533A29D2E7B50090EF4F = {
			isa = PBXGroup;
			children = (
				7F48534529D2E7B50090EF4F /* swiftuiTutor */,
				7F48534429D2E7B50090EF4F /* Products */,
			);
			sourceTree = "<group>";
		};
		7F48534429D2E7B50090EF4F /* Products */ = {
			isa = PBXGroup;
			children = (
				7F48534329D2E7B50090EF4F /* swiftuiTutor.app */,
			);
			name = Products;
			sourceTree = "<group>";
		};
		7F48534529D2E7B50090EF4F /* swiftuiTutor */ = {
			isa = PBXGroup;
			children = (
				7F95E97B29DB18ED006BA598 /* Models */,
				7F95E97A29DB18E4006BA598 /* Views */,
				7F48534629D2E7B50090EF4F /* swiftuiTutorApp.swift */,
				7F48534A29D2E7B90090EF4F /* Assets.xcassets */,
				7F96309729D6C068008058A5 /* landmarkData.json */,
				7F48534C29D2E7B90090EF4F /* Preview Content */,
			);
			path = swiftuiTutor;
			sourceTree = "<group>";
		};
		7F48534C29D2E7B90090EF4F /* Preview Content */ = {
			isa = PBXGroup;
			children = (
				7F48534D29D2E7B90090EF4F /* Preview Assets.xcassets */,
			);
			path = "Preview Content";
			sourceTree = "<group>";
		};
		7F95E97A29DB18E4006BA598 /* Views */ = {
			isa = PBXGroup;
			children = (
				7F48534829D2E7B50090EF4F /* ContentView.swift */,
				7F7AF23229D56F9600FFCCC1 /* CircleImage.swift */,
				7F96309529D5BAB9008058A5 /* MapView.swift */,
				7F95E97E29DB197D006BA598 /* LandmarkRow.swift */,
				7F95E98029DC0337006BA598 /* LandmarkList.swift */,
				7F95E98229DC05DA006BA598 /* LandmarkDetail.swift */,
			);
			path = Views;
			sourceTree = "<group>";
		};
		7F95E97B29DB18ED006BA598 /* Models */ = {
			isa = PBXGroup;
			children = (
				7F96309B29D6C0B4008058A5 /* Landmark.swift */,
				7F96309D29D6C484008058A5 /* ModelData.swift */,
			);
			path = Models;
			sourceTree = "<group>";
		};
/* End PBXGroup section */

/* Begin PBXNativeTarget section */
		7F48534229D2E7B50090EF4F /* swiftuiTutor */ = {
			isa = PBXNativeTarget;
			buildConfigurationList = 7F48535129D2E7B90090EF4F /* Build configuration list for PBXNativeTarget "swiftuiTutor" */;
			buildPhases = (
				7F48533F29D2E7B50090EF4F /* Sources */,
				7F48534029D2E7B50090EF4F /* Frameworks */,
				7F48534129D2E7B50090EF4F /* Resources */,
			);
			buildRules = (
			);
			dependencies = (
			);
			name = swiftuiTutor;
			productName = swiftuiTutor;
			productReference = 7F48534329D2E7B50090EF4F /* swiftuiTutor.app */;
			productType = "com.apple.product-type.application";
		};
/* End PBXNativeTarget section */

/* Begin PBXProject section */
		7F48533B29D2E7B50090EF4F /* Project object */ = {
			isa = PBXProject;
			attributes = {
				BuildIndependentTargetsInParallel = 1;
				LastSwiftUpdateCheck = 1420;
				LastUpgradeCheck = 1420;
				TargetAttributes = {
					7F48534229D2E7B50090EF4F = {
						CreatedOnToolsVersion = 14.2;
					};
				};
			};
			buildConfigurationList = 7F48533E29D2E7B50090EF4F /* Build configuration list for PBXProject "swiftuiTutor" */;
			compatibilityVersion = "Xcode 14.0";
			developmentRegion = en;
			hasScannedForEncodings = 0;
			knownRegions = (
				en,
				Base,
			);
			mainGroup = 7F48533A29D2E7B50090EF4F;
			productRefGroup = 7F48534429D2E7B50090EF4F /* Products */;
			projectDirPath = "";
			projectRoot = "";
			targets = (
				7F48534229D2E7B50090EF4F /* swiftuiTutor */,
			);
		};
/* End PBXProject section */

/* Begin PBXResourcesBuildPhase section */
		7F48534129D2E7B50090EF4F /* Resources */ = {
			isa = PBXResourcesBuildPhase;
			buildActionMask = 2147483647;
			files = (
				7F48534E29D2E7B90090EF4F /* Preview Assets.xcassets in Resources */,
				7F48534B29D2E7B90090EF4F /* Assets.xcassets in Resources */,
				7F96309829D6C068008058A5 /* landmarkData.json in Resources */,
			);
			runOnlyForDeploymentPostprocessing = 0;
		};
/* End PBXResourcesBuildPhase section */

/* Begin PBXSourcesBuildPhase section */
		7F48533F29D2E7B50090EF4F /* Sources */ = {
			isa = PBXSourcesBuildPhase;
			buildActionMask = 2147483647;
			files = (
				7F48534929D2E7B50090EF4F /* ContentView.swift in Sources */,
				7F96309629D5BAB9008058A5 /* MapView.swift in Sources */,
				7F48534729D2E7B50090EF4F /* swiftuiTutorApp.swift in Sources */,
				7F95E98129DC0337006BA598 /* LandmarkList.swift in Sources */,
				7F95E98329DC05DA006BA598 /* LandmarkDetail.swift in Sources */,
				7F7AF23329D56F9600FFCCC1 /* CircleImage.swift in Sources */,
				7F96309C29D6C0B4008058A5 /* Landmark.swift in Sources */,
				7F95E97F29DB197D006BA598 /* LandmarkRow.swift in Sources */,
				7F96309E29D6C484008058A5 /* ModelData.swift in Sources */,
			);
			runOnlyForDeploymentPostprocessing = 0;
		};
/* End PBXSourcesBuildPhase section */

/* Begin XCBuildConfiguration section */
		7F48534F29D2E7B90090EF4F /* Debug */ = {
			isa = XCBuildConfiguration;
			buildSettings = {
				ALWAYS_SEARCH_USER_PATHS = NO;
				CLANG_ANALYZER_NONNULL = YES;
				CLANG_ANALYZER_NUMBER_OBJECT_CONVERSION = YES_AGGRESSIVE;
				CLANG_CXX_LANGUAGE_STANDARD = "gnu++20";
				CLANG_ENABLE_MODULES = YES;
				CLANG_ENABLE_OBJC_ARC = YES;
				CLANG_ENABLE_OBJC_WEAK = YES;
				CLANG_WARN_BLOCK_CAPTURE_AUTORELEASING = YES;
				CLANG_WARN_BOOL_CONVERSION = YES;
				CLANG_WARN_COMMA = YES;
				CLANG_WARN_CONSTANT_CONVERSION = YES;
				CLANG_WARN_DEPRECATED_OBJC_IMPLEMENTATIONS = YES;
				CLANG_WARN_DIRECT_OBJC_ISA_USAGE = YES_ERROR;
				CLANG_WARN_DOCUMENTATION_COMMENTS = YES;
				CLANG_WARN_EMPTY_BODY = YES;
				CLANG_WARN_ENUM_CONVERSION = YES;
				CLANG_WARN_INFINITE_RECURSION = YES;
				CLANG_WARN_INT_CONVERSION = YES;
				CLANG_WARN_NON_LITERAL_NULL_CONVERSION = YES;
				CLANG_WARN_OBJC_IMPLICIT_RETAIN_SELF = YES;
				CLANG_WARN_OBJC_LITERAL_CONVERSION = YES;
				CLANG_WARN_OBJC_ROOT_CLASS = YES_ERROR;
				CLANG_WARN_QUOTED_INCLUDE_IN_FRAMEWORK_HEADER = YES;
				CLANG_WARN_RANGE_LOOP_ANALYSIS = YES;
				CLANG_WARN_STRICT_PROTOTYPES = YES;
				CLANG_WARN_SUSPICIOUS_MOVE = YES;
				CLANG_WARN_UNGUARDED_AVAILABILITY = YES_AGGRESSIVE;
				CLANG_WARN_UNREACHABLE_CODE = YES;
				CLANG_WARN__DUPLICATE_METHOD_MATCH = YES;
				COPY_PHASE_STRIP = NO;
				DEBUG_INFORMATION_FORMAT = dwarf;
				ENABLE_STRICT_OBJC_MSGSEND = YES;
				ENABLE_TESTABILITY = YES;
				GCC_C_LANGUAGE_STANDARD = gnu11;
				GCC_DYNAMIC_NO_PIC = NO;
				GCC_NO_COMMON_BLOCKS = YES;
				GCC_OPTIMIZATION_LEVEL = 0;
				GCC_PREPROCESSOR_DEFINITIONS = (
					"DEBUG=1",
					"$(inherited)",
				);
				GCC_WARN_64_TO_32_BIT_CONVERSION = YES;
				GCC_WARN_ABOUT_RETURN_TYPE = YES_ERROR;
				GCC_WARN_UNDECLARED_SELECTOR = YES;
				GCC_WARN_UNINITIALIZED_AUTOS = YES_AGGRESSIVE;
				GCC_WARN_UNUSED_FUNCTION = YES;
				GCC_WARN_UNUSED_VARIABLE = YES;
				IPHONEOS_DEPLOYMENT_TARGET = 16.2;
				MTL_ENABLE_DEBUG_INFO = INCLUDE_SOURCE;
				MTL_FAST_MATH = YES;
				ONLY_ACTIVE_ARCH = YES;
				SDKROOT = iphoneos;
				SWIFT_ACTIVE_COMPILATION_CONDITIONS = DEBUG;
				SWIFT_OPTIMIZATION_LEVEL = "-Onone";
			};
			name = Debug;
		};
		7F48535029D2E7B90090EF4F /* Release */ = {
			isa = XCBuildConfiguration;
			buildSettings = {
				ALWAYS_SEARCH_USER_PATHS = NO;
				CLANG_ANALYZER_NONNULL = YES;
				CLANG_ANALYZER_NUMBER_OBJECT_CONVERSION = YES_AGGRESSIVE;
				CLANG_CXX_LANGUAGE_STANDARD = "gnu++20";
				CLANG_ENABLE_MODULES = YES;
				CLANG_ENABLE_OBJC_ARC = YES;
				CLANG_ENABLE_OBJC_WEAK = YES;
				CLANG_WARN_BLOCK_CAPTURE_AUTORELEASING = YES;
				CLANG_WARN_BOOL_CONVERSION = YES;
				CLANG_WARN_COMMA = YES;
				CLANG_WARN_CONSTANT_CONVERSION = YES;
				CLANG_WARN_DEPRECATED_OBJC_IMPLEMENTATIONS = YES;
				CLANG_WARN_DIRECT_OBJC_ISA_USAGE = YES_ERROR;
				CLANG_WARN_DOCUMENTATION_COMMENTS = YES;
				CLANG_WARN_EMPTY_BODY = YES;
				CLANG_WARN_ENUM_CONVERSION = YES;
				CLANG_WARN_INFINITE_RECURSION = YES;
				CLANG_WARN_INT_CONVERSION = YES;
				CLANG_WARN_NON_LITERAL_NULL_CONVERSION = YES;
				CLANG_WARN_OBJC_IMPLICIT_RETAIN_SELF = YES;
				CLANG_WARN_OBJC_LITERAL_CONVERSION = YES;
				CLANG_WARN_OBJC_ROOT_CLASS = YES_ERROR;
				CLANG_WARN_QUOTED_INCLUDE_IN_FRAMEWORK_HEADER = YES;
				CLANG_WARN_RANGE_LOOP_ANALYSIS = YES;
				CLANG_WARN_STRICT_PROTOTYPES = YES;
				CLANG_WARN_SUSPICIOUS_MOVE = YES;
				CLANG_WARN_UNGUARDED_AVAILABILITY = YES_AGGRESSIVE;
				CLANG_WARN_UNREACHABLE_CODE = YES;
				CLANG_WARN__DUPLICATE_METHOD_MATCH = YES;
				COPY_PHASE_STRIP = NO;
				DEBUG_INFORMATION_FORMAT = "dwarf-with-dsym";
				ENABLE_NS_ASSERTIONS = NO;
				ENABLE_STRICT_OBJC_MSGSEND = YES;
				GCC_C_LANGUAGE_STANDARD = gnu11;
				GCC_NO_COMMON_BLOCKS = YES;
				GCC_WARN_64_TO_32_BIT_CONVERSION = YES;
				GCC_WARN_ABOUT_RETURN_TYPE = YES_ERROR;
				GCC_WARN_UNDECLARED_SELECTOR = YES;
				GCC_WARN_UNINITIALIZED_AUTOS = YES_AGGRESSIVE;
				GCC_WARN_UNUSED_FUNCTION = YES;
				GCC_WARN_UNUSED_VARIABLE = YES;
				IPHONEOS_DEPLOYMENT_TARGET = 16.2;
				MTL_ENABLE_DEBUG_INFO = NO;
				MTL_FAST_MATH = YES;
				SDKROOT = iphoneos;
				SWIFT_COMPILATION_MODE = wholemodule;
				SWIFT_OPTIMIZATION_LEVEL = "-O";
				VALIDATE_PRODUCT = YES;
			};
			name = Release;
		};
		7F48535229D2E7B90090EF4F /* Debug */ = {
			isa = XCBuildConfiguration;
			buildSettings = {
				ASSETCATALOG_COMPILER_APPICON_NAME = AppIcon;
				ASSETCATALOG_COMPILER_GLOBAL_ACCENT_COLOR_NAME = AccentColor;
				CODE_SIGN_STYLE = Automatic;
				CURRENT_PROJECT_VERSION = 1;
				DEVELOPMENT_ASSET_PATHS = "\"swiftuiTutor/Preview Content\"";
				DEVELOPMENT_TEAM = PMZT9C66M8;
				ENABLE_PREVIEWS = YES;
				GENERATE_INFOPLIST_FILE = YES;
				INFOPLIST_KEY_UIApplicationSceneManifest_Generation = YES;
				INFOPLIST_KEY_UIApplicationSupportsIndirectInputEvents = YES;
				INFOPLIST_KEY_UILaunchScreen_Generation = YES;
				INFOPLIST_KEY_UISupportedInterfaceOrientations_iPad = "UIInterfaceOrientationPortrait UIInterfaceOrientationPortraitUpsideDown UIInterfaceOrientationLandscapeLeft UIInterfaceOrientationLandscapeRight";
				INFOPLIST_KEY_UISupportedInterfaceOrientations_iPhone = "UIInterfaceOrientationPortrait UIInterfaceOrientationLandscapeLeft UIInterfaceOrientationLandscapeRight";
				LD_RUNPATH_SEARCH_PATHS = (
					"$(inherited)",
					"@executable_path/Frameworks",
				);
				MARKETING_VERSION = 1.0;
				PRODUCT_BUNDLE_IDENTIFIER = com.ios.dev.anho.swiftuiTutor.swiftuiTutor;
				PRODUCT_NAME = "$(TARGET_NAME)";
				SWIFT_EMIT_LOC_STRINGS = YES;
				SWIFT_VERSION = 5.0;
				TARGETED_DEVICE_FAMILY = "1,2";
			};
			name = Debug;
		};
		7F48535329D2E7B90090EF4F /* Release */ = {
			isa = XCBuildConfiguration;
			buildSettings = {
				ASSETCATALOG_COMPILER_APPICON_NAME = AppIcon;
				ASSETCATALOG_COMPILER_GLOBAL_ACCENT_COLOR_NAME = AccentColor;
				CODE_SIGN_STYLE = Automatic;
				CURRENT_PROJECT_VERSION = 1;
				DEVELOPMENT_ASSET_PATHS = "\"swiftuiTutor/Preview Content\"";
				DEVELOPMENT_TEAM = PMZT9C66M8;
				ENABLE_PREVIEWS = YES;
				GENERATE_INFOPLIST_FILE = YES;
				INFOPLIST_KEY_UIApplicationSceneManifest_Generation = YES;
				INFOPLIST_KEY_UIApplicationSupportsIndirectInputEvents = YES;
				INFOPLIST_KEY_UILaunchScreen_Generation = YES;
				INFOPLIST_KEY_UISupportedInterfaceOrientations_iPad = "UIInterfaceOrientationPortrait UIInterfaceOrientationPortraitUpsideDown UIInterfaceOrientationLandscapeLeft UIInterfaceOrientationLandscapeRight";
				INFOPLIST_KEY_UISupportedInterfaceOrientations_iPhone = "UIInterfaceOrientationPortrait UIInterfaceOrientationLandscapeLeft UIInterfaceOrientationLandscapeRight";
				LD_RUNPATH_SEARCH_PATHS = (
					"$(inherited)",
					"@executable_path/Frameworks",
				);
				MARKETING_VERSION = 1.0;
				PRODUCT_BUNDLE_IDENTIFIER = com.ios.dev.anho.swiftuiTutor.swiftuiTutor;
				PRODUCT_NAME = "$(TARGET_NAME)";
				SWIFT_EMIT_LOC_STRINGS = YES;
				SWIFT_VERSION = 5.0;
				TARGETED_DEVICE_FAMILY = "1,2";
			};
			name = Release;
		};
/* End XCBuildConfiguration section */

/* Begin XCConfigurationList section */
		7F48533E29D2E7B50090EF4F /* Build configuration list for PBXProject "swiftuiTutor" */ = {
			isa = XCConfigurationList;
			buildConfigurations = (
				7F48534F29D2E7B90090EF4F /* Debug */,
				7F48535029D2E7B90090EF4F /* Release */,
			);
			defaultConfigurationIsVisible = 0;
			defaultConfigurationName = Release;
		};
		7F48535129D2E7B90090EF4F /* Build configuration list for PBXNativeTarget "swiftuiTutor" */ = {
			isa = XCConfigurationList;
			buildConfigurations = (
				7F48535229D2E7B90090EF4F /* Debug */,
				7F48535329D2E7B90090EF4F /* Release */,
			);
			defaultConfigurationIsVisible = 0;
			defaultConfigurationName = Release;
		};
/* End XCConfigurationList section */
	};
	rootObject = 7F48533B29D2E7B50090EF4F /* Project object */;
}
